// !$*UTF8*$!
{
	archiveVersion = 1;
	classes = {
	};
	objectVersion = 46;
	objects = {

/* Begin PBXBuildFile section */
		3E79D7FE0D5FC9F054CA02AB /* libPods-Twitter.a in Frameworks */ = {isa = PBXBuildFile; fileRef = E4BD355DBC5598571F6B6896 /* libPods-Twitter.a */; };
		ED3625101E41190100CF85CA /* 1485911442_Retweet.png in Resources */ = {isa = PBXBuildFile; fileRef = ED36250F1E41190100CF85CA /* 1485911442_Retweet.png */; };
		ED3625121E41299700CF85CA /* retweet-icon@3x.png in Resources */ = {isa = PBXBuildFile; fileRef = ED3625111E41299700CF85CA /* retweet-icon@3x.png */; };
		ED3625141E412A7900CF85CA /* retweet-icon@3x-50.png in Resources */ = {isa = PBXBuildFile; fileRef = ED3625131E412A7900CF85CA /* retweet-icon@3x-50.png */; };
		ED3625161E412AD900CF85CA /* favor-icon@3x.png in Resources */ = {isa = PBXBuildFile; fileRef = ED3625151E412AD900CF85CA /* favor-icon@3x.png */; };
		ED3625181E412B8400CF85CA /* reply-icon@3x.png in Resources */ = {isa = PBXBuildFile; fileRef = ED3625171E412B8400CF85CA /* reply-icon@3x.png */; };
		ED36251A1E413A1E00CF85CA /* retweet-icon-green@3x.png in Resources */ = {isa = PBXBuildFile; fileRef = ED3625191E413A1E00CF85CA /* retweet-icon-green@3x.png */; };
		EDB1083A1E4286CE006D8091 /* edit-icon@3x.png in Resources */ = {isa = PBXBuildFile; fileRef = EDB108391E4286CE006D8091 /* edit-icon@3x.png */; };
		EDB1083C1E428847006D8091 /* edit-icon.png in Resources */ = {isa = PBXBuildFile; fileRef = EDB1083B1E428847006D8091 /* edit-icon.png */; };
		EDB1083E1E428851006D8091 /* profile-icon@3x.png in Resources */ = {isa = PBXBuildFile; fileRef = EDB1083D1E428851006D8091 /* profile-icon@3x.png */; };
		EDB108401E42885A006D8091 /* twiiter-logo-29@3x.png in Resources */ = {isa = PBXBuildFile; fileRef = EDB1083F1E42885A006D8091 /* twiiter-logo-29@3x.png */; };
		EDB108451E428B60006D8091 /* TweetComposeViewController.m in Sources */ = {isa = PBXBuildFile; fileRef = EDB108431E428B60006D8091 /* TweetComposeViewController.m */; };
		EDB108461E428B60006D8091 /* TweetComposeViewController.xib in Resources */ = {isa = PBXBuildFile; fileRef = EDB108441E428B60006D8091 /* TweetComposeViewController.xib */; };
		EDB1084A1E4292A5006D8091 /* TweetListNavigationController.m in Sources */ = {isa = PBXBuildFile; fileRef = EDB108481E4292A5006D8091 /* TweetListNavigationController.m */; };
		EDB1084B1E4292A5006D8091 /* TweetListNavigationController.xib in Resources */ = {isa = PBXBuildFile; fileRef = EDB108491E4292A5006D8091 /* TweetListNavigationController.xib */; };
		EDE6617A1E3FB8EB007A587C /* main.m in Sources */ = {isa = PBXBuildFile; fileRef = EDE661791E3FB8EB007A587C /* main.m */; };
		EDE6617D1E3FB8EB007A587C /* AppDelegate.m in Sources */ = {isa = PBXBuildFile; fileRef = EDE6617C1E3FB8EB007A587C /* AppDelegate.m */; };
		EDE661851E3FB8EB007A587C /* Assets.xcassets in Resources */ = {isa = PBXBuildFile; fileRef = EDE661841E3FB8EB007A587C /* Assets.xcassets */; };
		EDE661881E3FB8EB007A587C /* LaunchScreen.storyboard in Resources */ = {isa = PBXBuildFile; fileRef = EDE661861E3FB8EB007A587C /* LaunchScreen.storyboard */; };
		EDE661991E3FB9C7007A587C /* TweetListViewController.m in Sources */ = {isa = PBXBuildFile; fileRef = EDE661971E3FB9C7007A587C /* TweetListViewController.m */; };
		EDE6619A1E3FB9C7007A587C /* TweetListViewController.xib in Resources */ = {isa = PBXBuildFile; fileRef = EDE661981E3FB9C7007A587C /* TweetListViewController.xib */; };
		EDE6619E1E3FC828007A587C /* TweetTableViewCell.m in Sources */ = {isa = PBXBuildFile; fileRef = EDE6619C1E3FC828007A587C /* TweetTableViewCell.m */; };
		EDE6619F1E3FC828007A587C /* TweetTableViewCell.xib in Resources */ = {isa = PBXBuildFile; fileRef = EDE6619D1E3FC828007A587C /* TweetTableViewCell.xib */; };
		EDE661A21E3FDE3F007A587C /* TwitterClient.m in Sources */ = {isa = PBXBuildFile; fileRef = EDE661A11E3FDE3F007A587C /* TwitterClient.m */; };
		EDE661A51E3FDEB8007A587C /* User.m in Sources */ = {isa = PBXBuildFile; fileRef = EDE661A41E3FDEB8007A587C /* User.m */; };
		EDE661A81E3FDF09007A587C /* Tweet.m in Sources */ = {isa = PBXBuildFile; fileRef = EDE661A71E3FDF09007A587C /* Tweet.m */; };
		EDE661AE1E3FF56E007A587C /* LoginController.m in Sources */ = {isa = PBXBuildFile; fileRef = EDE661AC1E3FF56E007A587C /* LoginController.m */; };
		EDE661AF1E3FF56E007A587C /* LoginController.xib in Resources */ = {isa = PBXBuildFile; fileRef = EDE661AD1E3FF56E007A587C /* LoginController.xib */; };
/* End PBXBuildFile section */

/* Begin PBXFileReference section */
		AC212A2BB14B273611BEDF8D /* Pods-Twitter.release.xcconfig */ = {isa = PBXFileReference; includeInIndex = 1; lastKnownFileType = text.xcconfig; name = "Pods-Twitter.release.xcconfig"; path = "Pods/Target Support Files/Pods-Twitter/Pods-Twitter.release.xcconfig"; sourceTree = "<group>"; };
		D439B6F8B21CC67BFC7D952E /* Pods-Twitter.debug.xcconfig */ = {isa = PBXFileReference; includeInIndex = 1; lastKnownFileType = text.xcconfig; name = "Pods-Twitter.debug.xcconfig"; path = "Pods/Target Support Files/Pods-Twitter/Pods-Twitter.debug.xcconfig"; sourceTree = "<group>"; };
		E4BD355DBC5598571F6B6896 /* libPods-Twitter.a */ = {isa = PBXFileReference; explicitFileType = archive.ar; includeInIndex = 0; path = "libPods-Twitter.a"; sourceTree = BUILT_PRODUCTS_DIR; };
		ED36250F1E41190100CF85CA /* 1485911442_Retweet.png */ = {isa = PBXFileReference; lastKnownFileType = image.png; path = 1485911442_Retweet.png; sourceTree = "<group>"; };
		ED3625111E41299700CF85CA /* retweet-icon@3x.png */ = {isa = PBXFileReference; lastKnownFileType = image.png; path = "retweet-icon@3x.png"; sourceTree = "<group>"; };
		ED3625131E412A7900CF85CA /* retweet-icon@3x-50.png */ = {isa = PBXFileReference; lastKnownFileType = image.png; path = "retweet-icon@3x-50.png"; sourceTree = "<group>"; };
		ED3625151E412AD900CF85CA /* favor-icon@3x.png */ = {isa = PBXFileReference; lastKnownFileType = image.png; path = "favor-icon@3x.png"; sourceTree = "<group>"; };
		ED3625171E412B8400CF85CA /* reply-icon@3x.png */ = {isa = PBXFileReference; lastKnownFileType = image.png; path = "reply-icon@3x.png"; sourceTree = "<group>"; };
		ED3625191E413A1E00CF85CA /* retweet-icon-green@3x.png */ = {isa = PBXFileReference; lastKnownFileType = image.png; path = "retweet-icon-green@3x.png"; sourceTree = "<group>"; };
		EDB108391E4286CE006D8091 /* edit-icon@3x.png */ = {isa = PBXFileReference; lastKnownFileType = image.png; path = "edit-icon@3x.png"; sourceTree = "<group>"; };
		EDB1083B1E428847006D8091 /* edit-icon.png */ = {isa = PBXFileReference; lastKnownFileType = image.png; path = "edit-icon.png"; sourceTree = "<group>"; };
		EDB1083D1E428851006D8091 /* profile-icon@3x.png */ = {isa = PBXFileReference; lastKnownFileType = image.png; path = "profile-icon@3x.png"; sourceTree = "<group>"; };
		EDB1083F1E42885A006D8091 /* twiiter-logo-29@3x.png */ = {isa = PBXFileReference; lastKnownFileType = image.png; path = "twiiter-logo-29@3x.png"; sourceTree = "<group>"; };
		EDB108421E428B60006D8091 /* TweetComposeViewController.h */ = {isa = PBXFileReference; fileEncoding = 4; lastKnownFileType = sourcecode.c.h; path = TweetComposeViewController.h; sourceTree = "<group>"; };
		EDB108431E428B60006D8091 /* TweetComposeViewController.m */ = {isa = PBXFileReference; fileEncoding = 4; lastKnownFileType = sourcecode.c.objc; path = TweetComposeViewController.m; sourceTree = "<group>"; };
		EDB108441E428B60006D8091 /* TweetComposeViewController.xib */ = {isa = PBXFileReference; fileEncoding = 4; lastKnownFileType = file.xib; path = TweetComposeViewController.xib; sourceTree = "<group>"; };
		EDB108471E4292A5006D8091 /* TweetListNavigationController.h */ = {isa = PBXFileReference; fileEncoding = 4; lastKnownFileType = sourcecode.c.h; path = TweetListNavigationController.h; sourceTree = "<group>"; };
		EDB108481E4292A5006D8091 /* TweetListNavigationController.m */ = {isa = PBXFileReference; fileEncoding = 4; lastKnownFileType = sourcecode.c.objc; path = TweetListNavigationController.m; sourceTree = "<group>"; };
		EDB108491E4292A5006D8091 /* TweetListNavigationController.xib */ = {isa = PBXFileReference; fileEncoding = 4; lastKnownFileType = file.xib; path = TweetListNavigationController.xib; sourceTree = "<group>"; };
		EDE661751E3FB8EB007A587C /* Twitter.app */ = {isa = PBXFileReference; explicitFileType = wrapper.application; includeInIndex = 0; path = Twitter.app; sourceTree = BUILT_PRODUCTS_DIR; };
		EDE661791E3FB8EB007A587C /* main.m */ = {isa = PBXFileReference; lastKnownFileType = sourcecode.c.objc; path = main.m; sourceTree = "<group>"; };
		EDE6617B1E3FB8EB007A587C /* AppDelegate.h */ = {isa = PBXFileReference; lastKnownFileType = sourcecode.c.h; path = AppDelegate.h; sourceTree = "<group>"; };
		EDE6617C1E3FB8EB007A587C /* AppDelegate.m */ = {isa = PBXFileReference; lastKnownFileType = sourcecode.c.objc; path = AppDelegate.m; sourceTree = "<group>"; };
		EDE661841E3FB8EB007A587C /* Assets.xcassets */ = {isa = PBXFileReference; lastKnownFileType = folder.assetcatalog; path = Assets.xcassets; sourceTree = "<group>"; };
		EDE661871E3FB8EB007A587C /* Base */ = {isa = PBXFileReference; lastKnownFileType = file.storyboard; name = Base; path = Base.lproj/LaunchScreen.storyboard; sourceTree = "<group>"; };
		EDE661891E3FB8EB007A587C /* Info.plist */ = {isa = PBXFileReference; lastKnownFileType = text.plist.xml; path = Info.plist; sourceTree = "<group>"; };
		EDE661961E3FB9C7007A587C /* TweetListViewController.h */ = {isa = PBXFileReference; fileEncoding = 4; lastKnownFileType = sourcecode.c.h; name = TweetListViewController.h; path = ../TweetListViewController.h; sourceTree = "<group>"; };
		EDE661971E3FB9C7007A587C /* TweetListViewController.m */ = {isa = PBXFileReference; fileEncoding = 4; lastKnownFileType = sourcecode.c.objc; name = TweetListViewController.m; path = ../TweetListViewController.m; sourceTree = "<group>"; };
		EDE661981E3FB9C7007A587C /* TweetListViewController.xib */ = {isa = PBXFileReference; fileEncoding = 4; lastKnownFileType = file.xib; name = TweetListViewController.xib; path = ../TweetListViewController.xib; sourceTree = "<group>"; };
		EDE6619B1E3FC828007A587C /* TweetTableViewCell.h */ = {isa = PBXFileReference; fileEncoding = 4; lastKnownFileType = sourcecode.c.h; path = TweetTableViewCell.h; sourceTree = "<group>"; };
		EDE6619C1E3FC828007A587C /* TweetTableViewCell.m */ = {isa = PBXFileReference; fileEncoding = 4; lastKnownFileType = sourcecode.c.objc; path = TweetTableViewCell.m; sourceTree = "<group>"; };
		EDE6619D1E3FC828007A587C /* TweetTableViewCell.xib */ = {isa = PBXFileReference; fileEncoding = 4; lastKnownFileType = file.xib; path = TweetTableViewCell.xib; sourceTree = "<group>"; };
		EDE661A01E3FDE3F007A587C /* TwitterClient.h */ = {isa = PBXFileReference; fileEncoding = 4; lastKnownFileType = sourcecode.c.h; path = TwitterClient.h; sourceTree = "<group>"; };
		EDE661A11E3FDE3F007A587C /* TwitterClient.m */ = {isa = PBXFileReference; fileEncoding = 4; lastKnownFileType = sourcecode.c.objc; path = TwitterClient.m; sourceTree = "<group>"; };
		EDE661A31E3FDEB8007A587C /* User.h */ = {isa = PBXFileReference; fileEncoding = 4; lastKnownFileType = sourcecode.c.h; path = User.h; sourceTree = "<group>"; };
		EDE661A41E3FDEB8007A587C /* User.m */ = {isa = PBXFileReference; fileEncoding = 4; lastKnownFileType = sourcecode.c.objc; path = User.m; sourceTree = "<group>"; };
		EDE661A61E3FDF09007A587C /* Tweet.h */ = {isa = PBXFileReference; fileEncoding = 4; lastKnownFileType = sourcecode.c.h; path = Tweet.h; sourceTree = "<group>"; };
		EDE661A71E3FDF09007A587C /* Tweet.m */ = {isa = PBXFileReference; fileEncoding = 4; lastKnownFileType = sourcecode.c.objc; path = Tweet.m; sourceTree = "<group>"; };
		EDE661AB1E3FF56E007A587C /* LoginController.h */ = {isa = PBXFileReference; fileEncoding = 4; lastKnownFileType = sourcecode.c.h; path = LoginController.h; sourceTree = "<group>"; };
		EDE661AC1E3FF56E007A587C /* LoginController.m */ = {isa = PBXFileReference; fileEncoding = 4; lastKnownFileType = sourcecode.c.objc; path = LoginController.m; sourceTree = "<group>"; };
		EDE661AD1E3FF56E007A587C /* LoginController.xib */ = {isa = PBXFileReference; fileEncoding = 4; lastKnownFileType = file.xib; path = LoginController.xib; sourceTree = "<group>"; };
/* End PBXFileReference section */

/* Begin PBXFrameworksBuildPhase section */
		EDE661721E3FB8EB007A587C /* Frameworks */ = {
			isa = PBXFrameworksBuildPhase;
			buildActionMask = 2147483647;
			files = (
				3E79D7FE0D5FC9F054CA02AB /* libPods-Twitter.a in Frameworks */,
			);
			runOnlyForDeploymentPostprocessing = 0;
		};
/* End PBXFrameworksBuildPhase section */

/* Begin PBXGroup section */
		BAC5EBDCCA4B5070BBB94B11 /* Pods */ = {
			isa = PBXGroup;
			children = (
				D439B6F8B21CC67BFC7D952E /* Pods-Twitter.debug.xcconfig */,
				AC212A2BB14B273611BEDF8D /* Pods-Twitter.release.xcconfig */,
			);
			name = Pods;
			sourceTree = "<group>";
		};
		DC009842E570EA66D3555A0F /* Frameworks */ = {
			isa = PBXGroup;
			children = (
				E4BD355DBC5598571F6B6896 /* libPods-Twitter.a */,
			);
			name = Frameworks;
			sourceTree = "<group>";
		};
		ED36250E1E4118D500CF85CA /* Images */ = {
			isa = PBXGroup;
			children = (
				EDB1083F1E42885A006D8091 /* twiiter-logo-29@3x.png */,
				EDB1083D1E428851006D8091 /* profile-icon@3x.png */,
				EDB1083B1E428847006D8091 /* edit-icon.png */,
				EDB108391E4286CE006D8091 /* edit-icon@3x.png */,
				ED3625191E413A1E00CF85CA /* retweet-icon-green@3x.png */,
				ED3625171E412B8400CF85CA /* reply-icon@3x.png */,
				ED3625151E412AD900CF85CA /* favor-icon@3x.png */,
				ED3625131E412A7900CF85CA /* retweet-icon@3x-50.png */,
				ED3625111E41299700CF85CA /* retweet-icon@3x.png */,
				ED36250F1E41190100CF85CA /* 1485911442_Retweet.png */,
			);
			name = Images;
			sourceTree = "<group>";
		};
		EDB108411E428B26006D8091 /* TweetCompose */ = {
			isa = PBXGroup;
			children = (
				EDB108421E428B60006D8091 /* TweetComposeViewController.h */,
				EDB108431E428B60006D8091 /* TweetComposeViewController.m */,
				EDB108441E428B60006D8091 /* TweetComposeViewController.xib */,
			);
			name = TweetCompose;
			sourceTree = "<group>";
		};
		EDE6616C1E3FB8EB007A587C = {
			isa = PBXGroup;
			children = (
				EDE661771E3FB8EB007A587C /* Twitter */,
				EDE661761E3FB8EB007A587C /* Products */,
				BAC5EBDCCA4B5070BBB94B11 /* Pods */,
				DC009842E570EA66D3555A0F /* Frameworks */,
			);
			sourceTree = "<group>";
		};
		EDE661761E3FB8EB007A587C /* Products */ = {
			isa = PBXGroup;
			children = (
				EDE661751E3FB8EB007A587C /* Twitter.app */,
			);
			name = Products;
			sourceTree = "<group>";
		};
		EDE661771E3FB8EB007A587C /* Twitter */ = {
			isa = PBXGroup;
			children = (
				ED36250E1E4118D500CF85CA /* Images */,
				EDE661921E3FB96A007A587C /* API */,
				EDE661911E3FB963007A587C /* Views */,
				EDE661901E3FB95C007A587C /* Controllers */,
				EDE6618F1E3FB955007A587C /* Models */,
				EDE6617B1E3FB8EB007A587C /* AppDelegate.h */,
				EDE6617C1E3FB8EB007A587C /* AppDelegate.m */,
				EDE661841E3FB8EB007A587C /* Assets.xcassets */,
				EDE661861E3FB8EB007A587C /* LaunchScreen.storyboard */,
				EDE661891E3FB8EB007A587C /* Info.plist */,
				EDE661781E3FB8EB007A587C /* Supporting Files */,
			);
			path = Twitter;
			sourceTree = "<group>";
		};
		EDE661781E3FB8EB007A587C /* Supporting Files */ = {
			isa = PBXGroup;
			children = (
				EDE661791E3FB8EB007A587C /* main.m */,
			);
			name = "Supporting Files";
			sourceTree = "<group>";
		};
		EDE6618F1E3FB955007A587C /* Models */ = {
			isa = PBXGroup;
			children = (
				EDE661A31E3FDEB8007A587C /* User.h */,
				EDE661A41E3FDEB8007A587C /* User.m */,
				EDE661A61E3FDF09007A587C /* Tweet.h */,
				EDE661A71E3FDF09007A587C /* Tweet.m */,
			);
			name = Models;
			sourceTree = "<group>";
		};
		EDE661901E3FB95C007A587C /* Controllers */ = {
			isa = PBXGroup;
			children = (
				EDB108411E428B26006D8091 /* TweetCompose */,
				EDE661AA1E3FF52F007A587C /* Login */,
				EDE661A91E3FF4F1007A587C /* TweetList */,
			);
			name = Controllers;
			sourceTree = "<group>";
		};
		EDE661911E3FB963007A587C /* Views */ = {
			isa = PBXGroup;
			children = (
				EDE6619B1E3FC828007A587C /* TweetTableViewCell.h */,
				EDE6619C1E3FC828007A587C /* TweetTableViewCell.m */,
				EDE6619D1E3FC828007A587C /* TweetTableViewCell.xib */,
			);
			name = Views;
			sourceTree = "<group>";
		};
		EDE661921E3FB96A007A587C /* API */ = {
			isa = PBXGroup;
			children = (
				EDE661A01E3FDE3F007A587C /* TwitterClient.h */,
				EDE661A11E3FDE3F007A587C /* TwitterClient.m */,
			);
			name = API;
			sourceTree = "<group>";
		};
		EDE661A91E3FF4F1007A587C /* TweetList */ = {
			isa = PBXGroup;
			children = (
				EDE661971E3FB9C7007A587C /* TweetListViewController.m */,
				EDE661981E3FB9C7007A587C /* TweetListViewController.xib */,
				EDE661961E3FB9C7007A587C /* TweetListViewController.h */,
				EDB108471E4292A5006D8091 /* TweetListNavigationController.h */,
				EDB108481E4292A5006D8091 /* TweetListNavigationController.m */,
				EDB108491E4292A5006D8091 /* TweetListNavigationController.xib */,
			);
			name = TweetList;
			sourceTree = "<group>";
		};
		EDE661AA1E3FF52F007A587C /* Login */ = {
			isa = PBXGroup;
			children = (
				EDE661AB1E3FF56E007A587C /* LoginController.h */,
				EDE661AC1E3FF56E007A587C /* LoginController.m */,
				EDE661AD1E3FF56E007A587C /* LoginController.xib */,
			);
			name = Login;
			sourceTree = "<group>";
		};
/* End PBXGroup section */

/* Begin PBXNativeTarget section */
		EDE661741E3FB8EB007A587C /* Twitter */ = {
			isa = PBXNativeTarget;
			buildConfigurationList = EDE6618C1E3FB8EB007A587C /* Build configuration list for PBXNativeTarget "Twitter" */;
			buildPhases = (
				D5A4FB9EB52381C66ACFDD20 /* [CP] Check Pods Manifest.lock */,
				EDE661711E3FB8EB007A587C /* Sources */,
				EDE661721E3FB8EB007A587C /* Frameworks */,
				EDE661731E3FB8EB007A587C /* Resources */,
				98B0DA7F7B0ABBCBB090B542 /* [CP] Embed Pods Frameworks */,
				A953003EAD5209E6E8ED2C00 /* [CP] Copy Pods Resources */,
			);
			buildRules = (
			);
			dependencies = (
			);
			name = Twitter;
			productName = Twitter;
			productReference = EDE661751E3FB8EB007A587C /* Twitter.app */;
			productType = "com.apple.product-type.application";
		};
/* End PBXNativeTarget section */

/* Begin PBXProject section */
		EDE6616D1E3FB8EB007A587C /* Project object */ = {
			isa = PBXProject;
			attributes = {
				LastUpgradeCheck = 0820;
				ORGANIZATIONNAME = "Y.CORP.YAHOO.COM\\leano";
				TargetAttributes = {
					EDE661741E3FB8EB007A587C = {
						CreatedOnToolsVersion = 8.2.1;
						ProvisioningStyle = Automatic;
					};
				};
			};
			buildConfigurationList = EDE661701E3FB8EB007A587C /* Build configuration list for PBXProject "Twitter" */;
			compatibilityVersion = "Xcode 3.2";
			developmentRegion = English;
			hasScannedForEncodings = 0;
			knownRegions = (
				en,
				Base,
			);
			mainGroup = EDE6616C1E3FB8EB007A587C;
			productRefGroup = EDE661761E3FB8EB007A587C /* Products */;
			projectDirPath = "";
			projectRoot = "";
			targets = (
				EDE661741E3FB8EB007A587C /* Twitter */,
			);
		};
/* End PBXProject section */

/* Begin PBXResourcesBuildPhase section */
		EDE661731E3FB8EB007A587C /* Resources */ = {
			isa = PBXResourcesBuildPhase;
			buildActionMask = 2147483647;
			files = (
				EDE661881E3FB8EB007A587C /* LaunchScreen.storyboard in Resources */,
				ED3625161E412AD900CF85CA /* favor-icon@3x.png in Resources */,
				EDB1083C1E428847006D8091 /* edit-icon.png in Resources */,
				ED3625121E41299700CF85CA /* retweet-icon@3x.png in Resources */,
				EDB1083E1E428851006D8091 /* profile-icon@3x.png in Resources */,
				EDE661851E3FB8EB007A587C /* Assets.xcassets in Resources */,
				EDE6619A1E3FB9C7007A587C /* TweetListViewController.xib in Resources */,
				ED3625141E412A7900CF85CA /* retweet-icon@3x-50.png in Resources */,
				EDE661AF1E3FF56E007A587C /* LoginController.xib in Resources */,
				ED36251A1E413A1E00CF85CA /* retweet-icon-green@3x.png in Resources */,
				ED3625181E412B8400CF85CA /* reply-icon@3x.png in Resources */,
				EDE6619F1E3FC828007A587C /* TweetTableViewCell.xib in Resources */,
				EDB1083A1E4286CE006D8091 /* edit-icon@3x.png in Resources */,
				EDB1084B1E4292A5006D8091 /* TweetListNavigationController.xib in Resources */,
				EDB108461E428B60006D8091 /* TweetComposeViewController.xib in Resources */,
				EDB108401E42885A006D8091 /* twiiter-logo-29@3x.png in Resources */,
				ED3625101E41190100CF85CA /* 1485911442_Retweet.png in Resources */,
			);
			runOnlyForDeploymentPostprocessing = 0;
		};
/* End PBXResourcesBuildPhase section */

/* Begin PBXShellScriptBuildPhase section */
		98B0DA7F7B0ABBCBB090B542 /* [CP] Embed Pods Frameworks */ = {
			isa = PBXShellScriptBuildPhase;
			buildActionMask = 2147483647;
			files = (
			);
			inputPaths = (
			);
			name = "[CP] Embed Pods Frameworks";
			outputPaths = (
			);
			runOnlyForDeploymentPostprocessing = 0;
			shellPath = /bin/sh;
			shellScript = "\"${SRCROOT}/Pods/Target Support Files/Pods-Twitter/Pods-Twitter-frameworks.sh\"\n";
			showEnvVarsInLog = 0;
		};
		A953003EAD5209E6E8ED2C00 /* [CP] Copy Pods Resources */ = {
			isa = PBXShellScriptBuildPhase;
			buildActionMask = 2147483647;
			files = (
			);
			inputPaths = (
			);
			name = "[CP] Copy Pods Resources";
			outputPaths = (
			);
			runOnlyForDeploymentPostprocessing = 0;
			shellPath = /bin/sh;
			shellScript = "\"${SRCROOT}/Pods/Target Support Files/Pods-Twitter/Pods-Twitter-resources.sh\"\n";
			showEnvVarsInLog = 0;
		};
		D5A4FB9EB52381C66ACFDD20 /* [CP] Check Pods Manifest.lock */ = {
			isa = PBXShellScriptBuildPhase;
			buildActionMask = 2147483647;
			files = (
			);
			inputPaths = (
			);
			name = "[CP] Check Pods Manifest.lock";
			outputPaths = (
			);
			runOnlyForDeploymentPostprocessing = 0;
			shellPath = /bin/sh;
			shellScript = "diff \"${PODS_ROOT}/../Podfile.lock\" \"${PODS_ROOT}/Manifest.lock\" > /dev/null\nif [ $? != 0 ] ; then\n    # print error to STDERR\n    echo \"error: The sandbox is not in sync with the Podfile.lock. Run 'pod install' or update your CocoaPods installation.\" >&2\n    exit 1\nfi\n";
			showEnvVarsInLog = 0;
		};
/* End PBXShellScriptBuildPhase section */

/* Begin PBXSourcesBuildPhase section */
		EDE661711E3FB8EB007A587C /* Sources */ = {
			isa = PBXSourcesBuildPhase;
			buildActionMask = 2147483647;
			files = (
				EDE661991E3FB9C7007A587C /* TweetListViewController.m in Sources */,
				EDB1084A1E4292A5006D8091 /* TweetListNavigationController.m in Sources */,
				EDE661AE1E3FF56E007A587C /* LoginController.m in Sources */,
				EDE6617D1E3FB8EB007A587C /* AppDelegate.m in Sources */,
				EDE661A51E3FDEB8007A587C /* User.m in Sources */,
				EDB108451E428B60006D8091 /* TweetComposeViewController.m in Sources */,
				EDE661A81E3FDF09007A587C /* Tweet.m in Sources */,
				EDE661A21E3FDE3F007A587C /* TwitterClient.m in Sources */,
				EDE6617A1E3FB8EB007A587C /* main.m in Sources */,
				EDE6619E1E3FC828007A587C /* TweetTableViewCell.m in Sources */,
			);
			runOnlyForDeploymentPostprocessing = 0;
		};
/* End PBXSourcesBuildPhase section */

/* Begin PBXVariantGroup section */
		EDE661861E3FB8EB007A587C /* LaunchScreen.storyboard */ = {
			isa = PBXVariantGroup;
			children = (
				EDE661871E3FB8EB007A587C /* Base */,
			);
			name = LaunchScreen.storyboard;
			sourceTree = "<group>";
		};
/* End PBXVariantGroup section */

/* Begin XCBuildConfiguration section */
		EDE6618A1E3FB8EB007A587C /* Debug */ = {
			isa = XCBuildConfiguration;
			buildSettings = {
				ALWAYS_SEARCH_USER_PATHS = NO;
				CLANG_ANALYZER_NONNULL = YES;
				CLANG_CXX_LANGUAGE_STANDARD = "gnu++0x";
				CLANG_CXX_LIBRARY = "libc++";
				CLANG_ENABLE_MODULES = YES;
				CLANG_ENABLE_OBJC_ARC = YES;
				CLANG_WARN_BOOL_CONVERSION = YES;
				CLANG_WARN_CONSTANT_CONVERSION = YES;
				CLANG_WARN_DIRECT_OBJC_ISA_USAGE = YES_ERROR;
				CLANG_WARN_DOCUMENTATION_COMMENTS = YES;
				CLANG_WARN_EMPTY_BODY = YES;
				CLANG_WARN_ENUM_CONVERSION = YES;
				CLANG_WARN_INFINITE_RECURSION = YES;
				CLANG_WARN_INT_CONVERSION = YES;
				CLANG_WARN_OBJC_ROOT_CLASS = YES_ERROR;
				CLANG_WARN_SUSPICIOUS_MOVE = YES;
				CLANG_WARN_UNREACHABLE_CODE = YES;
				CLANG_WARN__DUPLICATE_METHOD_MATCH = YES;
				"CODE_SIGN_IDENTITY[sdk=iphoneos*]" = "iPhone Developer";
				COPY_PHASE_STRIP = NO;
				DEBUG_INFORMATION_FORMAT = dwarf;
				ENABLE_STRICT_OBJC_MSGSEND = YES;
				ENABLE_TESTABILITY = YES;
				GCC_C_LANGUAGE_STANDARD = gnu99;
				GCC_DYNAMIC_NO_PIC = NO;
				GCC_NO_COMMON_BLOCKS = YES;
				GCC_OPTIMIZATION_LEVEL = 0;
				GCC_PREPROCESSOR_DEFINITIONS = (
					"DEBUG=1",
					"$(inherited)",
				);
				GCC_WARN_64_TO_32_BIT_CONVERSION = YES;
				GCC_WARN_ABOUT_RETURN_TYPE = YES_ERROR;
				GCC_WARN_UNDECLARED_SELECTOR = YES;
				GCC_WARN_UNINITIALIZED_AUTOS = YES_AGGRESSIVE;
				GCC_WARN_UNUSED_FUNCTION = YES;
				GCC_WARN_UNUSED_VARIABLE = YES;
				IPHONEOS_DEPLOYMENT_TARGET = 10.2;
				MTL_ENABLE_DEBUG_INFO = YES;
				ONLY_ACTIVE_ARCH = YES;
				SDKROOT = iphoneos;
				TARGETED_DEVICE_FAMILY = "1,2";
			};
			name = Debug;
		};
		EDE6618B1E3FB8EB007A587C /* Release */ = {
			isa = XCBuildConfiguration;
			buildSettings = {
				ALWAYS_SEARCH_USER_PATHS = NO;
				CLANG_ANALYZER_NONNULL = YES;
				CLANG_CXX_LANGUAGE_STANDARD = "gnu++0x";
				CLANG_CXX_LIBRARY = "libc++";
				CLANG_ENABLE_MODULES = YES;
				CLANG_ENABLE_OBJC_ARC = YES;
				CLANG_WARN_BOOL_CONVERSION = YES;
				CLANG_WARN_CONSTANT_CONVERSION = YES;
				CLANG_WARN_DIRECT_OBJC_ISA_USAGE = YES_ERROR;
				CLANG_WARN_DOCUMENTATION_COMMENTS = YES;
				CLANG_WARN_EMPTY_BODY = YES;
				CLANG_WARN_ENUM_CONVERSION = YES;
				CLANG_WARN_INFINITE_RECURSION = YES;
				CLANG_WARN_INT_CONVERSION = YES;
				CLANG_WARN_OBJC_ROOT_CLASS = YES_ERROR;
				CLANG_WARN_SUSPICIOUS_MOVE = YES;
				CLANG_WARN_UNREACHABLE_CODE = YES;
				CLANG_WARN__DUPLICATE_METHOD_MATCH = YES;
				"CODE_SIGN_IDENTITY[sdk=iphoneos*]" = "iPhone Developer";
				COPY_PHASE_STRIP = NO;
				DEBUG_INFORMATION_FORMAT = "dwarf-with-dsym";
				ENABLE_NS_ASSERTIONS = NO;
				ENABLE_STRICT_OBJC_MSGSEND = YES;
				GCC_C_LANGUAGE_STANDARD = gnu99;
				GCC_NO_COMMON_BLOCKS = YES;
				GCC_WARN_64_TO_32_BIT_CONVERSION = YES;
				GCC_WARN_ABOUT_RETURN_TYPE = YES_ERROR;
				GCC_WARN_UNDECLARED_SELECTOR = YES;
				GCC_WARN_UNINITIALIZED_AUTOS = YES_AGGRESSIVE;
				GCC_WARN_UNUSED_FUNCTION = YES;
				GCC_WARN_UNUSED_VARIABLE = YES;
				IPHONEOS_DEPLOYMENT_TARGET = 10.2;
				MTL_ENABLE_DEBUG_INFO = NO;
				SDKROOT = iphoneos;
				TARGETED_DEVICE_FAMILY = "1,2";
				VALIDATE_PRODUCT = YES;
			};
			name = Release;
		};
		EDE6618D1E3FB8EB007A587C /* Debug */ = {
			isa = XCBuildConfiguration;
			baseConfigurationReference = D439B6F8B21CC67BFC7D952E /* Pods-Twitter.debug.xcconfig */;
			buildSettings = {
				ASSETCATALOG_COMPILER_APPICON_NAME = AppIcon;
				INFOPLIST_FILE = Twitter/Info.plist;
				LD_RUNPATH_SEARCH_PATHS = "$(inherited) @executable_path/Frameworks";
				PRODUCT_BUNDLE_IDENTIFIER = Yahoo.Twitter;
				PRODUCT_NAME = "$(TARGET_NAME)";
			};
			name = Debug;
		};
		EDE6618E1E3FB8EB007A587C /* Release */ = {
			isa = XCBuildConfiguration;
			baseConfigurationReference = AC212A2BB14B273611BEDF8D /* Pods-Twitter.release.xcconfig */;
			buildSettings = {
				ASSETCATALOG_COMPILER_APPICON_NAME = AppIcon;
				INFOPLIST_FILE = Twitter/Info.plist;
				LD_RUNPATH_SEARCH_PATHS = "$(inherited) @executable_path/Frameworks";
				PRODUCT_BUNDLE_IDENTIFIER = Yahoo.Twitter;
				PRODUCT_NAME = "$(TARGET_NAME)";
			};
			name = Release;
		};
/* End XCBuildConfiguration section */

/* Begin XCConfigurationList section */
		EDE661701E3FB8EB007A587C /* Build configuration list for PBXProject "Twitter" */ = {
			isa = XCConfigurationList;
			buildConfigurations = (
				EDE6618A1E3FB8EB007A587C /* Debug */,
				EDE6618B1E3FB8EB007A587C /* Release */,
			);
			defaultConfigurationIsVisible = 0;
			defaultConfigurationName = Release;
		};
		EDE6618C1E3FB8EB007A587C /* Build configuration list for PBXNativeTarget "Twitter" */ = {
			isa = XCConfigurationList;
			buildConfigurations = (
				EDE6618D1E3FB8EB007A587C /* Debug */,
				EDE6618E1E3FB8EB007A587C /* Release */,
			);
			defaultConfigurationIsVisible = 0;
			defaultConfigurationName = Release;
		};
/* End XCConfigurationList section */
	};
	rootObject = EDE6616D1E3FB8EB007A587C /* Project object */;
}
